{
  "version": 4,
  "terraform_version": "1.11.1",
  "serial": 15,
  "lineage": "6d886fb7-a237-dd5e-5b2f-609b84f0d491",
  "outputs": {},
  "resources": [
    {
      "mode": "managed",
      "type": "google_bigquery_dataset",
      "name": "llm_dataset",
      "provider": "provider[\"registry.terraform.io/hashicorp/google\"]",
      "instances": [
        {
          "schema_version": 0,
          "attributes": {
            "access": [
              {
                "condition": [],
                "dataset": [],
                "domain": "",
                "group_by_email": "",
                "iam_member": "",
                "role": "OWNER",
                "routine": [],
                "special_group": "",
                "user_by_email": "llm-bigquery-spark@big-test-449715.iam.gserviceaccount.com",
                "view": []
              },
              {
                "condition": [],
                "dataset": [],
                "domain": "",
                "group_by_email": "",
                "iam_member": "",
                "role": "OWNER",
                "routine": [],
                "special_group": "projectOwners",
                "user_by_email": "",
                "view": []
              },
              {
                "condition": [],
                "dataset": [],
                "domain": "",
                "group_by_email": "",
                "iam_member": "",
                "role": "READER",
                "routine": [],
                "special_group": "projectReaders",
                "user_by_email": "",
                "view": []
              },
              {
                "condition": [],
                "dataset": [],
                "domain": "",
                "group_by_email": "",
                "iam_member": "",
                "role": "WRITER",
                "routine": [],
                "special_group": "projectWriters",
                "user_by_email": "",
                "view": []
              }
            ],
            "creation_time": 1741536019272,
            "dataset_id": "LLM",
            "default_collation": "",
            "default_encryption_configuration": [],
            "default_partition_expiration_ms": 5184000000,
            "default_table_expiration_ms": 5184000000,
            "delete_contents_on_destroy": false,
            "description": "Dataset for storing Amazon review data",
            "effective_labels": {
              "goog-terraform-provisioned": "true"
            },
            "etag": "/ZbBm1mkgf9IGpuNxpX/pw==",
            "external_dataset_reference": [],
            "friendly_name": "LLM Dataset",
            "id": "projects/big-test-449715/datasets/LLM",
            "is_case_insensitive": false,
            "labels": null,
            "last_modified_time": 1741536019272,
            "location": "US",
            "max_time_travel_hours": "168",
            "project": "big-test-449715",
            "resource_tags": null,
            "self_link": "https://bigquery.googleapis.com/bigquery/v2/projects/big-test-449715/datasets/LLM",
            "storage_billing_model": "",
            "terraform_labels": {
              "goog-terraform-provisioned": "true"
            },
            "timeouts": null
          },
          "sensitive_attributes": [],
          "private": "eyJlMmJmYjczMC1lY2FhLTExZTYtOGY4OC0zNDM2M2JjN2M0YzAiOnsiY3JlYXRlIjoxMjAwMDAwMDAwMDAwLCJkZWxldGUiOjEyMDAwMDAwMDAwMDAsInVwZGF0ZSI6MTIwMDAwMDAwMDAwMH19"
        }
      ]
    },
    {
      "mode": "managed",
      "type": "google_bigquery_table",
      "name": "amazon_reviews",
      "provider": "provider[\"registry.terraform.io/hashicorp/google\"]",
      "instances": [
        {
          "schema_version": 0,
          "attributes": {
            "biglake_configuration": [],
            "clustering": null,
            "creation_time": 1741536019861,
            "dataset_id": "LLM",
            "deletion_protection": false,
            "description": "",
            "effective_labels": {
              "goog-terraform-provisioned": "true"
            },
            "encryption_configuration": [],
            "etag": "CmAUg/nOL8gJAKMMtPsOcg==",
            "expiration_time": 1746720019861,
            "external_data_configuration": [],
            "friendly_name": "",
            "id": "projects/big-test-449715/datasets/LLM/tables/review_amazon",
            "labels": null,
            "last_modified_time": 1741536019899,
            "location": "US",
            "materialized_view": [],
            "max_staleness": "",
            "num_bytes": 0,
            "num_long_term_bytes": 0,
            "num_rows": 0,
            "project": "big-test-449715",
            "range_partitioning": [],
            "require_partition_filter": false,
            "resource_tags": null,
            "schema": "[{\"name\":\"review_id\",\"type\":\"STRING\"},{\"name\":\"product_id\",\"type\":\"STRING\"},{\"name\":\"review_text\",\"type\":\"STRING\"},{\"name\":\"rating\",\"type\":\"INTEGER\"}]",
            "self_link": "https://bigquery.googleapis.com/bigquery/v2/projects/big-test-449715/datasets/LLM/tables/review_amazon",
            "table_constraints": [],
            "table_id": "review_amazon",
            "table_replication_info": [],
            "terraform_labels": {
              "goog-terraform-provisioned": "true"
            },
            "time_partitioning": [],
            "type": "TABLE",
            "view": []
          },
          "sensitive_attributes": [],
          "private": "bnVsbA==",
          "dependencies": [
            "google_bigquery_dataset.llm_dataset"
          ]
        }
      ]
    }
  ],
  "check_results": null
}
